lockVersion: 2.0.0
id: 11cd54ee-52e4-4594-9b22-87f0ed15f49c
management:
  docChecksum: dc9fe6dd3549ff3565563bee19c9654a
  docVersion: 1.0.0
  speakeasyVersion: 1.615.1
  generationVersion: 2.698.4
  releaseVersion: 0.1.4
  configChecksum: a8c6b1ccb17a5585f003b3899d054b01
features:
  python:
    additionalDependencies: 1.0.0
    constsAndDefaults: 1.0.5
    core: 5.20.4
    defaultEnabledRetries: 0.2.0
    devContainers: 3.0.0
    enumUnions: 0.1.0
    envVarSecurityUsage: 0.3.2
    flatRequests: 1.0.1
    flattening: 3.1.1
    globalSecurityCallbacks: 1.0.0
    globalServerURLs: 3.1.1
    groups: 3.0.0
    methodArguments: 1.0.2
    nameOverrides: 3.0.1
    nullables: 1.0.1
    responseFormat: 1.0.1
    retries: 3.0.2
    sdkHooks: 1.1.0
generatedFiles:
  - .devcontainer/README.md
  - .devcontainer/devcontainer.json
  - .devcontainer/setup.sh
  - .gitattributes
  - .vscode/settings.json
  - USAGE.md
  - docs/errors/errorresponse.md
  - docs/models/cancelsessionprocessingrequest.md
  - docs/models/cancelsessionprocessingresponse.md
  - docs/models/createsessionrequest.md
  - docs/models/deletesessionrequest.md
  - docs/models/denypermissionrequest.md
  - docs/models/denypermissionresponse.md
  - docs/models/forksessionrequest.md
  - docs/models/forksessionrequestbody.md
  - docs/models/getcommandrequest.md
  - docs/models/getcommandresponse.md
  - docs/models/getmessagehistoryrequest.md
  - docs/models/getsessionmessagesrequest.md
  - docs/models/getsessionrequest.md
  - docs/models/grantpermissionrequest.md
  - docs/models/grantpermissionresponse.md
  - docs/models/healthcheckresponse.md
  - docs/models/initiateoauthloginresponse.md
  - docs/models/listcommandsresponse.md
  - docs/models/listmcpserversresponse.md
  - docs/models/messagedata.md
  - docs/models/messagerole.md
  - docs/models/resterror.md
  - docs/models/sendmessagerequest.md
  - docs/models/sendmessagerequestbody.md
  - docs/models/sessiondata.md
  - docs/models/setapikeyrequest.md
  - docs/models/setapikeyresponse.md
  - docs/models/tool.md
  - docs/models/toolcalldata.md
  - docs/models/type.md
  - docs/models/utils/retryconfig.md
  - docs/sdks/authentication/README.md
  - docs/sdks/messages/README.md
  - docs/sdks/mix/README.md
  - docs/sdks/permissions/README.md
  - docs/sdks/sessions/README.md
  - docs/sdks/system/README.md
  - py.typed
  - pylintrc
  - pyproject.toml
  - scripts/publish.sh
  - src/mix_python_sdk/__init__.py
  - src/mix_python_sdk/_hooks/__init__.py
  - src/mix_python_sdk/_hooks/sdkhooks.py
  - src/mix_python_sdk/_hooks/types.py
  - src/mix_python_sdk/_version.py
  - src/mix_python_sdk/authentication.py
  - src/mix_python_sdk/basesdk.py
  - src/mix_python_sdk/errors/__init__.py
  - src/mix_python_sdk/errors/errorresponse.py
  - src/mix_python_sdk/errors/mixdefaulterror.py
  - src/mix_python_sdk/errors/mixerror.py
  - src/mix_python_sdk/errors/no_response_error.py
  - src/mix_python_sdk/errors/responsevalidationerror.py
  - src/mix_python_sdk/httpclient.py
  - src/mix_python_sdk/messages.py
  - src/mix_python_sdk/models/__init__.py
  - src/mix_python_sdk/models/cancelsessionprocessingop.py
  - src/mix_python_sdk/models/createsessionop.py
  - src/mix_python_sdk/models/deletesessionop.py
  - src/mix_python_sdk/models/denypermissionop.py
  - src/mix_python_sdk/models/forksessionop.py
  - src/mix_python_sdk/models/getcommandop.py
  - src/mix_python_sdk/models/getmessagehistoryop.py
  - src/mix_python_sdk/models/getsessionmessagesop.py
  - src/mix_python_sdk/models/getsessionop.py
  - src/mix_python_sdk/models/grantpermissionop.py
  - src/mix_python_sdk/models/healthcheckop.py
  - src/mix_python_sdk/models/initiateoauthloginop.py
  - src/mix_python_sdk/models/listcommandsop.py
  - src/mix_python_sdk/models/listmcpserversop.py
  - src/mix_python_sdk/models/messagedata.py
  - src/mix_python_sdk/models/messagerole.py
  - src/mix_python_sdk/models/resterror.py
  - src/mix_python_sdk/models/sendmessageop.py
  - src/mix_python_sdk/models/sessiondata.py
  - src/mix_python_sdk/models/setapikeyop.py
  - src/mix_python_sdk/models/toolcalldata.py
  - src/mix_python_sdk/permissions.py
  - src/mix_python_sdk/py.typed
  - src/mix_python_sdk/sdk.py
  - src/mix_python_sdk/sdkconfiguration.py
  - src/mix_python_sdk/sessions.py
  - src/mix_python_sdk/system.py
  - src/mix_python_sdk/types/__init__.py
  - src/mix_python_sdk/types/basemodel.py
  - src/mix_python_sdk/utils/__init__.py
  - src/mix_python_sdk/utils/annotations.py
  - src/mix_python_sdk/utils/datetimes.py
  - src/mix_python_sdk/utils/enums.py
  - src/mix_python_sdk/utils/eventstreaming.py
  - src/mix_python_sdk/utils/forms.py
  - src/mix_python_sdk/utils/headers.py
  - src/mix_python_sdk/utils/logger.py
  - src/mix_python_sdk/utils/metadata.py
  - src/mix_python_sdk/utils/queryparams.py
  - src/mix_python_sdk/utils/requestbodies.py
  - src/mix_python_sdk/utils/retries.py
  - src/mix_python_sdk/utils/security.py
  - src/mix_python_sdk/utils/serializers.py
  - src/mix_python_sdk/utils/unmarshal_json_response.py
  - src/mix_python_sdk/utils/url.py
  - src/mix_python_sdk/utils/values.py
examples:
  setApiKey:
    speakeasy-default-set-api-key:
      requestBody:
        application/json: {"apiKey": "<value>"}
      responses:
        "200":
          application/json: {}
        "400":
          application/json: {"error": {"code": 750509, "message": "<value>", "type": "bad_request"}}
        "500":
          application/json: {"error": {"code": 750509, "message": "<value>", "type": "bad_request"}}
  initiateOAuthLogin:
    speakeasy-default-initiate-O-auth-login:
      responses:
        "200":
          application/json: {}
        "401":
          application/json: {"error": {"code": 314723, "message": "<value>", "type": "validation_error"}}
        "500":
          application/json: {"error": {"code": 314723, "message": "<value>", "type": "validation_error"}}
  listCommands:
    speakeasy-default-list-commands:
      responses:
        "200":
          application/json: [{}]
        "401":
          application/json: {"error": {"code": 838798, "message": "<value>", "type": "unauthorized"}}
        "500":
          application/json: {"error": {"code": 838798, "message": "<value>", "type": "unauthorized"}}
  getCommand:
    speakeasy-default-get-command:
      parameters:
        path:
          name: "<value>"
      responses:
        "200":
          application/json: {}
        "404":
          application/json: {"error": {"code": 467416, "message": "<value>", "type": "bad_request"}}
  listMcpServers:
    speakeasy-default-list-mcp-servers:
      responses:
        "200":
          application/json: [{"connected": true, "name": "<value>", "status": "<value>"}]
        "401":
          application/json: {"error": {"code": 291310, "message": "<value>", "type": "internal_error"}}
        "500":
          application/json: {"error": {"code": 291310, "message": "<value>", "type": "internal_error"}}
  healthCheck:
    speakeasy-default-health-check:
      responses:
        "200":
          application/json: {}
        "500":
          application/json: {"error": {"code": 981446, "message": "<value>", "type": "not_found"}}
  getMessageHistory:
    speakeasy-default-get-message-history:
      parameters:
        query:
          limit: 50
          offset: 0
      responses:
        "200":
          application/json: [{"id": "<id>", "role": "user", "sessionId": "<id>", "userInput": "<value>"}]
        "401":
          application/json: {"error": {"code": 37164, "message": "<value>", "type": "validation_error"}}
        "500":
          application/json: {"error": {"code": 37164, "message": "<value>", "type": "validation_error"}}
  cancelSessionProcessing:
    speakeasy-default-cancel-session-processing:
      parameters:
        path:
          id: "<id>"
      responses:
        "200":
          application/json: {}
        "404":
          application/json: {"error": {"code": 83449, "message": "<value>", "type": "internal_error"}}
  getSessionMessages:
    speakeasy-default-get-session-messages:
      parameters:
        path:
          id: "<id>"
      responses:
        "200":
          application/json: [{"id": "<id>", "role": "user", "sessionId": "<id>", "userInput": "<value>"}]
        "404":
          application/json: {"error": {"code": 355518, "message": "<value>", "type": "bad_request"}}
  sendMessage:
    speakeasy-default-send-message:
      parameters:
        path:
          id: "<id>"
      requestBody:
        application/json: {"content": "<value>"}
      responses:
        "200":
          application/json: {"id": "<id>", "role": "user", "sessionId": "<id>", "userInput": "<value>"}
        "400":
          application/json: {"error": {"code": 600162, "message": "<value>", "type": "validation_error"}}
  denyPermission:
    speakeasy-default-deny-permission:
      parameters:
        path:
          id: "<id>"
      responses:
        "200":
          application/json: {}
        "401":
          application/json: {"error": {"code": 185141, "message": "<value>", "type": "unauthorized"}}
        "500":
          application/json: {"error": {"code": 185141, "message": "<value>", "type": "unauthorized"}}
  grantPermission:
    speakeasy-default-grant-permission:
      parameters:
        path:
          id: "<id>"
      responses:
        "200":
          application/json: {}
        "401":
          application/json: {"error": {"code": 96400, "message": "<value>", "type": "internal_error"}}
        "500":
          application/json: {"error": {"code": 96400, "message": "<value>", "type": "internal_error"}}
  listSessions:
    speakeasy-default-list-sessions:
      responses:
        "200":
          application/json: [{"assistantMessageCount": 103950, "completionTokens": 539404, "cost": 7346.82, "createdAt": "2025-02-04T14:58:04.231Z", "id": "<id>", "promptTokens": 244425, "title": "<value>", "toolCallCount": 717181, "userMessageCount": 270800}]
        "401":
          application/json: {"error": {"code": 306652, "message": "<value>", "type": "bad_request"}}
        "500":
          application/json: {"error": {"code": 306652, "message": "<value>", "type": "bad_request"}}
  createSession:
    speakeasy-default-create-session:
      requestBody:
        application/json: {"title": "<value>"}
      responses:
        "201":
          application/json: {"assistantMessageCount": 880027, "completionTokens": 524380, "cost": 8710.41, "createdAt": "2024-03-18T16:52:26.875Z", "id": "<id>", "promptTokens": 469380, "title": "<value>", "toolCallCount": 70138, "userMessageCount": 844160}
        "400":
          application/json: {"error": {"code": 481369, "message": "<value>", "type": "validation_error"}}
  deleteSession:
    speakeasy-default-delete-session:
      parameters:
        path:
          id: "<id>"
      responses:
        "404":
          application/json: {"error": {"code": 56778, "message": "<value>", "type": "validation_error"}}
  getSession:
    speakeasy-default-get-session:
      parameters:
        path:
          id: "<id>"
      responses:
        "200":
          application/json: {"assistantMessageCount": 387834, "completionTokens": 407862, "cost": 588.53, "createdAt": "2025-01-09T12:44:06.736Z", "id": "<id>", "promptTokens": 306630, "title": "<value>", "toolCallCount": 945765, "userMessageCount": 844040}
        "404":
          application/json: {"error": {"code": 125836, "message": "<value>", "type": "validation_error"}}
  forkSession:
    speakeasy-default-fork-session:
      parameters:
        path:
          id: "<id>"
      requestBody:
        application/json: {"messageIndex": 385832}
      responses:
        "201":
          application/json: {"assistantMessageCount": 385832, "completionTokens": 551389, "cost": 5945.98, "createdAt": "2025-08-26T03:33:17.824Z", "id": "<id>", "promptTokens": 770117, "title": "<value>", "toolCallCount": 905266, "userMessageCount": 239157}
        "400":
          application/json: {"error": {"code": 654763, "message": "<value>", "type": "validation_error"}}
examplesVersion: 1.0.2
