speakeasyVersion: 1.631.5
sources:
    Mix REST API:
        sourceNamespace: mix-rest-api
        sourceRevisionDigest: sha256:f815c19c6ac7d0e36e60593f28ccf27b67338b687748e3724b3ae391bfc972b5
        sourceBlobDigest: sha256:21572a86952d9170438b9f2cda3d7e90e6edb0efcf6f00a8c1d2a90da04eaae5
        tags:
            - latest
            - 1.0.0
targets:
    mix-py-target:
        source: Mix REST API
        sourceNamespace: mix-rest-api
        sourceRevisionDigest: sha256:f815c19c6ac7d0e36e60593f28ccf27b67338b687748e3724b3ae391bfc972b5
        sourceBlobDigest: sha256:21572a86952d9170438b9f2cda3d7e90e6edb0efcf6f00a8c1d2a90da04eaae5
        codeSamplesNamespace: mix-rest-api-python-code-samples
        codeSamplesRevisionDigest: sha256:5609a3015b03798de1166db6d61148bb4bef50a01241cc0d80947ed151814bb9
workflow:
    workflowVersion: 1.0.0
    speakeasyVersion: latest
    sources:
        Mix REST API:
            inputs:
                - location: ../mix/mix_sdk/openapi.json
            overlays:
                - location: .speakeasy/speakeasy-modifications-overlay.yaml
            output: .speakeasy/out.openapi.yaml
            registry:
                location: registry.speakeasyapi.dev/recreate/mix/mix-rest-api
    targets:
        mix-py-target:
            target: python
            source: Mix REST API
            publish:
                pypi:
                    token: $pypi_token
            codeSamples:
                registry:
                    location: registry.speakeasyapi.dev/recreate/mix/mix-rest-api-python-code-samples
                labelOverride:
                    fixedValue: Python (SDK)
                blocking: false
