speakeasyVersion: 1.622.1
sources:
    Mix REST API:
        sourceNamespace: mix-rest-api
        sourceRevisionDigest: sha256:3079d19cba20727919fd57163babd587cbc6956da5aa82d076f96ccb5dbd85a2
        sourceBlobDigest: sha256:283c5da3a66ec5ccfa2cd9bcf805d7a519ae51a35a924d908176d939e7ab83f7
        tags:
            - latest
            - 1.0.0
targets:
    mix-py-target:
        source: Mix REST API
        sourceNamespace: mix-rest-api
        sourceRevisionDigest: sha256:3079d19cba20727919fd57163babd587cbc6956da5aa82d076f96ccb5dbd85a2
        sourceBlobDigest: sha256:283c5da3a66ec5ccfa2cd9bcf805d7a519ae51a35a924d908176d939e7ab83f7
        codeSamplesNamespace: mix-rest-api-python-code-samples
        codeSamplesRevisionDigest: sha256:8f6e19c3b0cb8d9db444fdcb3a76fa7701c6a00c561be1861835ee09b0d354e8
workflow:
    workflowVersion: 1.0.0
    speakeasyVersion: latest
    sources:
        Mix REST API:
            inputs:
                - location: ../mix/mix_sdk/openapi.json
            overlays:
                - location: .speakeasy/speakeasy-modifications-overlay.yaml
            output: .speakeasy/out.openapi.yaml
            registry:
                location: registry.speakeasyapi.dev/recreate/mix/mix-rest-api
    targets:
        mix-py-target:
            target: python
            source: Mix REST API
            codeSamples:
                registry:
                    location: registry.speakeasyapi.dev/recreate/mix/mix-rest-api-python-code-samples
                labelOverride:
                    fixedValue: Python (SDK)
                blocking: false
