speakeasyVersion: 1.715.0
sources:
    Mix REST API:
        sourceNamespace: mix-rest-api
        sourceRevisionDigest: sha256:eb56ea1af3b91feca45ad5b6123f3137085afaafe22b7e0daef185bd3a650033
        sourceBlobDigest: sha256:8b183576a895bdbccdc42350c2e574f759d834092a4f1b3fae0bd10b8ada5a93
        tags:
            - latest
            - 1.0.0
targets:
    mix-py-target:
        source: Mix REST API
        sourceNamespace: mix-rest-api
        sourceRevisionDigest: sha256:eb56ea1af3b91feca45ad5b6123f3137085afaafe22b7e0daef185bd3a650033
        sourceBlobDigest: sha256:8b183576a895bdbccdc42350c2e574f759d834092a4f1b3fae0bd10b8ada5a93
        codeSamplesNamespace: mix-rest-api-python-code-samples
        codeSamplesRevisionDigest: sha256:c08461936b88c1a9fbfbc950bb49727137f61a2efb4de3875b74cc3ca4896162
workflow:
    workflowVersion: 1.0.0
    speakeasyVersion: latest
    sources:
        Mix REST API:
            inputs:
                - location: ../mix/mix_sdk/openapi.json
            overlays:
                - location: .speakeasy/speakeasy-modifications-overlay.yaml
            output: .speakeasy/out.openapi.yaml
            registry:
                location: registry.speakeasyapi.dev/recreate/mix/mix-rest-api
    targets:
        mix-py-target:
            target: python
            source: Mix REST API
            publish:
                pypi:
                    token: $pypi_token
            codeSamples:
                registry:
                    location: registry.speakeasyapi.dev/recreate/mix/mix-rest-api-python-code-samples
                labelOverride:
                    fixedValue: Python (SDK)
                blocking: false
